
Microsoft Visual Studio Solution File, Format Version 12.00
# Visual Studio Version 16
VisualStudioVersion = 16.0.29230.47
MinimumVisualStudioVersion = 10.0.40219.1
Project("{FAE04EC0-301F-11D3-BF4B-00C04F79EFBC}") = "lab20_1", "lab20_1\lab20_1.csproj", "{E645FCD6-A5C7-4E3B-8A91-E67B5C22D550}"
EndProject
Project("{FAE04EC0-301F-11D3-BF4B-00C04F79EFBC}") = "lab20_2", "lab20_2\lab20_2.csproj", "{BE93363E-30E0-43BE-B066-CA83D9AEDCA1}"
EndProject
Project("{FAE04EC0-301F-11D3-BF4B-00C04F79EFBC}") = "lab20_3", "lab20_3\lab20_3.csproj", "{148EC8F8-83FB-4789-B110-1F24963086DD}"
EndProject
Project("{FAE04EC0-301F-11D3-BF4B-00C04F79EFBC}") = "lab20_4", "lab20_4\lab20_4.csproj", "{9BADDB2A-3CBC-402E-90AF-92A02CFC7F6A}"
EndProject
Project("{FAE04EC0-301F-11D3-BF4B-00C04F79EFBC}") = "lab20_5", "lab20_5\lab20_5.csproj", "{F6631247-7881-455B-AC86-F892B616EB56}"
EndProject
Global
	GlobalSection(SolutionConfigurationPlatforms) = preSolution
		Debug|Any CPU = Debug|Any CPU
		Release|Any CPU = Release|Any CPU
	EndGlobalSection
	GlobalSection(ProjectConfigurationPlatforms) = postSolution
		{E645FCD6-A5C7-4E3B-8A91-E67B5C22D550}.Debug|Any CPU.ActiveCfg = Debug|Any CPU
		{E645FCD6-A5C7-4E3B-8A91-E67B5C22D550}.Debug|Any CPU.Build.0 = Debug|Any CPU
		{E645FCD6-A5C7-4E3B-8A91-E67B5C22D550}.Release|Any CPU.ActiveCfg = Release|Any CPU
		{E645FCD6-A5C7-4E3B-8A91-E67B5C22D550}.Release|Any CPU.Build.0 = Release|Any CPU
		{BE93363E-30E0-43BE-B066-CA83D9AEDCA1}.Debug|Any CPU.ActiveCfg = Debug|Any CPU
		{BE93363E-30E0-43BE-B066-CA83D9AEDCA1}.Debug|Any CPU.Build.0 = Debug|Any CPU
		{BE93363E-30E0-43BE-B066-CA83D9AEDCA1}.Release|Any CPU.ActiveCfg = Release|Any CPU
		{BE93363E-30E0-43BE-B066-CA83D9AEDCA1}.Release|Any CPU.Build.0 = Release|Any CPU
		{148EC8F8-83FB-4789-B110-1F24963086DD}.Debug|Any CPU.ActiveCfg = Debug|Any CPU
		{148EC8F8-83FB-4789-B110-1F24963086DD}.Debug|Any CPU.Build.0 = Debug|Any CPU
		{148EC8F8-83FB-4789-B110-1F24963086DD}.Release|Any CPU.ActiveCfg = Release|Any CPU
		{148EC8F8-83FB-4789-B110-1F24963086DD}.Release|Any CPU.Build.0 = Release|Any CPU
		{9BADDB2A-3CBC-402E-90AF-92A02CFC7F6A}.Debug|Any CPU.ActiveCfg = Debug|Any CPU
		{9BADDB2A-3CBC-402E-90AF-92A02CFC7F6A}.Debug|Any CPU.Build.0 = Debug|Any CPU
		{9BADDB2A-3CBC-402E-90AF-92A02CFC7F6A}.Release|Any CPU.ActiveCfg = Release|Any CPU
		{9BADDB2A-3CBC-402E-90AF-92A02CFC7F6A}.Release|Any CPU.Build.0 = Release|Any CPU
		{F6631247-7881-455B-AC86-F892B616EB56}.Debug|Any CPU.ActiveCfg = Debug|Any CPU
		{F6631247-7881-455B-AC86-F892B616EB56}.Debug|Any CPU.Build.0 = Debug|Any CPU
		{F6631247-7881-455B-AC86-F892B616EB56}.Release|Any CPU.ActiveCfg = Release|Any CPU
		{F6631247-7881-455B-AC86-F892B616EB56}.Release|Any CPU.Build.0 = Release|Any CPU
	EndGlobalSection
	GlobalSection(SolutionProperties) = preSolution
		HideSolutionNode = FALSE
	EndGlobalSection
	GlobalSection(ExtensibilityGlobals) = postSolution
		SolutionGuid = {DCE853E4-DB13-4C58-B09F-2D36202FCF48}
	EndGlobalSection
EndGlobal
